
Microsoft Visual Studio Solution File, Format Version 12.00
Project("{FAE04EC0-301F-11D3-BF4B-00C04F79EFBC}") = "Web", "Web\Web.csproj", "{8DF07192-B181-40FD-B4C8-3AA9ADA3FF19}"
EndProject
Project("{FAE04EC0-301F-11D3-BF4B-00C04F79EFBC}") = "Wavy", "Wavy\Wavy.csproj", "{2BAC17D8-0E2E-4D44-A5A6-076786A08D05}"
EndProject
Global
	GlobalSection(SolutionConfigurationPlatforms) = preSolution
		Debug|Any CPU = Debug|Any CPU
		Release|Any CPU = Release|Any CPU
	EndGlobalSection
	GlobalSection(ProjectConfigurationPlatforms) = postSolution
		{8DF07192-B181-40FD-B4C8-3AA9ADA3FF19}.Debug|Any CPU.ActiveCfg = Debug|Any CPU
		{8DF07192-B181-40FD-B4C8-3AA9ADA3FF19}.Debug|Any CPU.Build.0 = Debug|Any CPU
		{8DF07192-B181-40FD-B4C8-3AA9ADA3FF19}.Release|Any CPU.ActiveCfg = Release|Any CPU
		{8DF07192-B181-40FD-B4C8-3AA9ADA3FF19}.Release|Any CPU.Build.0 = Release|Any CPU
		{2BAC17D8-0E2E-4D44-A5A6-076786A08D05}.Debug|Any CPU.ActiveCfg = Debug|Any CPU
		{2BAC17D8-0E2E-4D44-A5A6-076786A08D05}.Debug|Any CPU.Build.0 = Debug|Any CPU
		{2BAC17D8-0E2E-4D44-A5A6-076786A08D05}.Release|Any CPU.ActiveCfg = Release|Any CPU
		{2BAC17D8-0E2E-4D44-A5A6-076786A08D05}.Release|Any CPU.Build.0 = Release|Any CPU
	EndGlobalSection
EndGlobal
